{
  "version": 4,
  "terraform_version": "1.14.0",
  "serial": 36,
  "lineage": "f5c26082-e784-09e3-ceeb-5599210d6e46",
  "outputs": {
    "gpu_instance": {
      "value": "whisper-l4-worker",
      "type": "string"
    }
  },
  "resources": [
    {
      "mode": "managed",
      "type": "google_compute_firewall",
      "name": "allow_http",
      "provider": "provider[\"registry.terraform.io/hashicorp/google\"]",
      "instances": [
        {
          "schema_version": 1,
          "attributes": {
            "allow": [
              {
                "ports": [
                  "80"
                ],
                "protocol": "tcp"
              }
            ],
            "creation_timestamp": "2026-03-08T05:46:45.699-07:00",
            "deny": [],
            "description": "",
            "destination_ranges": [],
            "direction": "INGRESS",
            "disabled": false,
            "enable_logging": null,
            "id": "projects/jku-practical-project/global/firewalls/allow-http",
            "log_config": [],
            "name": "allow-http",
            "network": "https://www.googleapis.com/compute/v1/projects/jku-practical-project/global/networks/default",
            "params": [],
            "priority": 1000,
            "project": "jku-practical-project",
            "self_link": "https://www.googleapis.com/compute/v1/projects/jku-practical-project/global/firewalls/allow-http",
            "source_ranges": [
              "0.0.0.0/0"
            ],
            "source_service_accounts": null,
            "source_tags": null,
            "target_service_accounts": null,
            "target_tags": [
              "http-server"
            ],
            "timeouts": null
          },
          "sensitive_attributes": [],
          "identity_schema_version": 0,
          "private": "eyJlMmJmYjczMC1lY2FhLTExZTYtOGY4OC0zNDM2M2JjN2M0YzAiOnsiY3JlYXRlIjoxMjAwMDAwMDAwMDAwLCJkZWxldGUiOjEyMDAwMDAwMDAwMDAsInVwZGF0ZSI6MTIwMDAwMDAwMDAwMH0sInNjaGVtYV92ZXJzaW9uIjoiMSJ9"
        }
      ]
    },
    {
      "mode": "managed",
      "type": "google_project_iam_member",
      "name": "storage_admin_binding",
      "provider": "provider[\"registry.terraform.io/hashicorp/google\"]",
      "instances": [
        {
          "schema_version": 0,
          "attributes": {
            "condition": [],
            "etag": "BwZMgqBjj+I=",
            "id": "jku-practical-project/roles/storage.admin/serviceAccount:gpu-worker-sa2@jku-practical-project.iam.gserviceaccount.com",
            "member": "serviceAccount:gpu-worker-sa2@jku-practical-project.iam.gserviceaccount.com",
            "project": "jku-practical-project",
            "role": "roles/storage.admin"
          },
          "sensitive_attributes": [],
          "identity_schema_version": 0,
          "private": "bnVsbA==",
          "dependencies": [
            "google_service_account.sa"
          ]
        }
      ]
    },
    {
      "mode": "managed",
      "type": "google_service_account",
      "name": "sa",
      "provider": "provider[\"registry.terraform.io/hashicorp/google\"]",
      "instances": [
        {
          "schema_version": 0,
          "attributes": {
            "account_id": "gpu-worker-sa2",
            "create_ignore_already_exists": null,
            "description": "",
            "disabled": false,
            "display_name": "GPU Worker SA",
            "email": "gpu-worker-sa2@jku-practical-project.iam.gserviceaccount.com",
            "id": "projects/jku-practical-project/serviceAccounts/gpu-worker-sa2@jku-practical-project.iam.gserviceaccount.com",
            "member": "serviceAccount:gpu-worker-sa2@jku-practical-project.iam.gserviceaccount.com",
            "name": "projects/jku-practical-project/serviceAccounts/gpu-worker-sa2@jku-practical-project.iam.gserviceaccount.com",
            "project": "jku-practical-project",
            "timeouts": null,
            "unique_id": "117483214092137980019"
          },
          "sensitive_attributes": [],
          "identity_schema_version": 0,
          "private": "eyJlMmJmYjczMC1lY2FhLTExZTYtOGY4OC0zNDM2M2JjN2M0YzAiOnsiY3JlYXRlIjozMDAwMDAwMDAwMDB9fQ=="
        }
      ]
    }
  ],
  "check_results": null
}
