{
  "version": 4,
  "terraform_version": "1.14.0",
  "serial": 19,
  "lineage": "be46fa40-6ce0-aea5-815f-74a65c573ad6",
  "outputs": {
    "bucket_name": {
      "value": "whisper-media-pipeline-fc941405",
      "type": "string"
    },
    "gpu_instance": {
      "value": "whisper-l4-worker",
      "type": "string"
    },
    "gpu_service_account": {
      "value": "gpu-worker-sa@acoustic-alpha-308609.iam.gserviceaccount.com",
      "type": "string"
    },
    "pubsub_topic": {
      "value": "whisper-tasks-fc941405",
      "type": "string"
    }
  },
  "resources": [
    {
      "mode": "data",
      "type": "google_project",
      "name": "current",
      "provider": "provider[\"registry.terraform.io/hashicorp/google\"]",
      "instances": [
        {
          "schema_version": 0,
          "attributes": {
            "auto_create_network": null,
            "billing_account": "0139C7-0D6A80-868F3F",
            "deletion_policy": "PREVENT",
            "effective_labels": {
              "gpu": "l4"
            },
            "folder_id": null,
            "id": "projects/acoustic-alpha-308609",
            "labels": {
              "gpu": "l4"
            },
            "name": "Learning Project",
            "number": "451777082109",
            "org_id": null,
            "project_id": "acoustic-alpha-308609",
            "tags": null,
            "terraform_labels": {
              "gpu": "l4"
            }
          },
          "sensitive_attributes": [],
          "identity_schema_version": 0
        }
      ]
    },
    {
      "mode": "managed",
      "type": "google_compute_instance",
      "name": "gpu_worker",
      "provider": "provider[\"registry.terraform.io/hashicorp/google\"]",
      "instances": [
        {
          "schema_version": 6,
          "attributes": {
            "advanced_machine_features": [],
            "allow_stopping_for_update": null,
            "attached_disk": [],
            "boot_disk": [
              {
                "auto_delete": true,
                "device_name": "persistent-disk-0",
                "disk_encryption_key_raw": "",
                "disk_encryption_key_rsa": "",
                "disk_encryption_key_sha256": "",
                "disk_encryption_service_account": "",
                "force_attach": false,
                "guest_os_features": [
                  "VIRTIO_SCSI_MULTIQUEUE",
                  "UEFI_COMPATIBLE",
                  "GVNIC"
                ],
                "initialize_params": [
                  {
                    "architecture": "",
                    "enable_confidential_compute": false,
                    "image": "https://www.googleapis.com/compute/v1/projects/deeplearning-platform-release/global/images/common-cu128-ubuntu-2204-nvidia-570-v20251216",
                    "labels": {},
                    "provisioned_iops": 0,
                    "provisioned_throughput": 0,
                    "resource_manager_tags": {},
                    "resource_policies": [],
                    "size": 100,
                    "snapshot": "",
                    "source_image_encryption_key": [],
                    "source_snapshot_encryption_key": [],
                    "storage_pool": "",
                    "type": "pd-ssd"
                  }
                ],
                "interface": "",
                "kms_key_self_link": "",
                "mode": "READ_WRITE",
                "source": "https://www.googleapis.com/compute/v1/projects/acoustic-alpha-308609/zones/asia-southeast1-a/disks/whisper-l4-worker"
              }
            ],
            "can_ip_forward": false,
            "confidential_instance_config": [],
            "cpu_platform": "Intel Cascade Lake",
            "creation_timestamp": "2025-12-19T13:22:27.246-08:00",
            "current_status": "RUNNING",
            "deletion_protection": false,
            "description": "",
            "desired_status": null,
            "effective_labels": {
              "goog-terraform-provisioned": "true"
            },
            "enable_display": false,
            "guest_accelerator": [
              {
                "count": 1,
                "type": "https://www.googleapis.com/compute/v1/projects/acoustic-alpha-308609/zones/asia-southeast1-a/acceleratorTypes/nvidia-l4"
              }
            ],
            "hostname": "",
            "id": "projects/acoustic-alpha-308609/zones/asia-southeast1-a/instances/whisper-l4-worker",
            "instance_encryption_key": [],
            "instance_id": "3973461388930088188",
            "key_revocation_action_type": "",
            "label_fingerprint": "vezUS-42LLM=",
            "labels": {},
            "machine_type": "g2-standard-4",
            "metadata": {
              "install-nvidia-driver": "True"
            },
            "metadata_fingerprint": "54jOtHmgr_c=",
            "metadata_startup_script": "#!/bin/bash\napt-get update\napt-get install -y ffmpeg\npip install --upgrade pip\npip install google-cloud-pubsub google-cloud-storage faster-whisper\n",
            "min_cpu_platform": "",
            "name": "whisper-l4-worker",
            "network_interface": [
              {
                "access_config": [
                  {
                    "nat_ip": "34.126.150.105",
                    "network_tier": "PREMIUM",
                    "public_ptr_domain_name": ""
                  }
                ],
                "alias_ip_range": [],
                "internal_ipv6_prefix_length": 0,
                "ipv6_access_config": [],
                "ipv6_access_type": "",
                "ipv6_address": "",
                "name": "nic0",
                "network": "https://www.googleapis.com/compute/v1/projects/acoustic-alpha-308609/global/networks/default",
                "network_attachment": "",
                "network_ip": "10.148.0.17",
                "nic_type": "",
                "queue_count": 0,
                "stack_type": "IPV4_ONLY",
                "subnetwork": "https://www.googleapis.com/compute/v1/projects/acoustic-alpha-308609/regions/asia-southeast1/subnetworks/default",
                "subnetwork_project": "acoustic-alpha-308609"
              }
            ],
            "network_performance_config": [],
            "params": [],
            "project": "acoustic-alpha-308609",
            "reservation_affinity": [],
            "resource_policies": [],
            "scheduling": [
              {
                "automatic_restart": true,
                "availability_domain": 0,
                "instance_termination_action": "",
                "local_ssd_recovery_timeout": [],
                "max_run_duration": [],
                "min_node_cpus": 0,
                "node_affinities": [],
                "on_host_maintenance": "TERMINATE",
                "on_instance_stop_action": [],
                "preemptible": false,
                "provisioning_model": "STANDARD",
                "termination_time": ""
              }
            ],
            "scratch_disk": [],
            "self_link": "https://www.googleapis.com/compute/v1/projects/acoustic-alpha-308609/zones/asia-southeast1-a/instances/whisper-l4-worker",
            "service_account": [
              {
                "email": "gpu-worker-sa@acoustic-alpha-308609.iam.gserviceaccount.com",
                "scopes": [
                  "https://www.googleapis.com/auth/cloud-platform"
                ]
              }
            ],
            "shielded_instance_config": [
              {
                "enable_integrity_monitoring": true,
                "enable_secure_boot": false,
                "enable_vtpm": true
              }
            ],
            "tags": [],
            "tags_fingerprint": "42WmSpB8rSM=",
            "terraform_labels": {
              "goog-terraform-provisioned": "true"
            },
            "timeouts": null,
            "zone": "asia-southeast1-a"
          },
          "sensitive_attributes": [
            [
              {
                "type": "get_attr",
                "value": "boot_disk"
              },
              {
                "type": "index",
                "value": {
                  "value": 0,
                  "type": "number"
                }
              },
              {
                "type": "get_attr",
                "value": "disk_encryption_key_raw"
              }
            ],
            [
              {
                "type": "get_attr",
                "value": "boot_disk"
              },
              {
                "type": "index",
                "value": {
                  "value": 0,
                  "type": "number"
                }
              },
              {
                "type": "get_attr",
                "value": "disk_encryption_key_rsa"
              }
            ]
          ],
          "identity_schema_version": 0,
          "private": "eyJlMmJmYjczMC1lY2FhLTExZTYtOGY4OC0zNDM2M2JjN2M0YzAiOnsiY3JlYXRlIjoxMjAwMDAwMDAwMDAwLCJkZWxldGUiOjEyMDAwMDAwMDAwMDAsInVwZGF0ZSI6MTIwMDAwMDAwMDAwMH0sInNjaGVtYV92ZXJzaW9uIjoiNiJ9"
        }
      ]
    },
    {
      "mode": "managed",
      "type": "google_pubsub_subscription",
      "name": "whisper_sub",
      "provider": "provider[\"registry.terraform.io/hashicorp/google\"]",
      "instances": [
        {
          "schema_version": 0,
          "attributes": {
            "ack_deadline_seconds": 600,
            "bigquery_config": [],
            "cloud_storage_config": [],
            "dead_letter_policy": [],
            "effective_labels": {
              "goog-terraform-provisioned": "true"
            },
            "enable_exactly_once_delivery": false,
            "enable_message_ordering": false,
            "expiration_policy": [
              {
                "ttl": "2678400s"
              }
            ],
            "filter": "",
            "id": "projects/acoustic-alpha-308609/subscriptions/sub-transcribe-gpu-worker-fc941405",
            "labels": {},
            "message_retention_duration": "604800s",
            "message_transforms": [],
            "name": "sub-transcribe-gpu-worker-fc941405",
            "project": "acoustic-alpha-308609",
            "push_config": [],
            "retain_acked_messages": false,
            "retry_policy": [],
            "tags": null,
            "terraform_labels": {
              "goog-terraform-provisioned": "true"
            },
            "timeouts": null,
            "topic": "projects/acoustic-alpha-308609/topics/whisper-tasks-fc941405"
          },
          "sensitive_attributes": [],
          "identity_schema_version": 0,
          "private": "eyJlMmJmYjczMC1lY2FhLTExZTYtOGY4OC0zNDM2M2JjN2M0YzAiOnsiY3JlYXRlIjoxMjAwMDAwMDAwMDAwLCJkZWxldGUiOjEyMDAwMDAwMDAwMDAsInVwZGF0ZSI6MTIwMDAwMDAwMDAwMH19",
          "dependencies": [
            "google_pubsub_topic.whisper_tasks",
            "random_id.id"
          ]
        }
      ]
    },
    {
      "mode": "managed",
      "type": "google_pubsub_topic",
      "name": "whisper_tasks",
      "provider": "provider[\"registry.terraform.io/hashicorp/google\"]",
      "instances": [
        {
          "schema_version": 0,
          "attributes": {
            "effective_labels": {
              "goog-terraform-provisioned": "true"
            },
            "id": "projects/acoustic-alpha-308609/topics/whisper-tasks-fc941405",
            "ingestion_data_source_settings": [],
            "kms_key_name": "",
            "labels": {},
            "message_retention_duration": "",
            "message_storage_policy": [],
            "message_transforms": [],
            "name": "whisper-tasks-fc941405",
            "project": "acoustic-alpha-308609",
            "schema_settings": [],
            "tags": null,
            "terraform_labels": {
              "goog-terraform-provisioned": "true"
            },
            "timeouts": null
          },
          "sensitive_attributes": [],
          "identity_schema_version": 0,
          "private": "eyJlMmJmYjczMC1lY2FhLTExZTYtOGY4OC0zNDM2M2JjN2M0YzAiOnsiY3JlYXRlIjoxMjAwMDAwMDAwMDAwLCJkZWxldGUiOjEyMDAwMDAwMDAwMDAsInVwZGF0ZSI6MTIwMDAwMDAwMDAwMH19",
          "dependencies": [
            "random_id.id"
          ]
        }
      ]
    },
    {
      "mode": "managed",
      "type": "google_pubsub_topic_iam_binding",
      "name": "gcs_publisher",
      "provider": "provider[\"registry.terraform.io/hashicorp/google\"]",
      "instances": [
        {
          "schema_version": 0,
          "attributes": {
            "condition": [],
            "etag": "BwZGVJ+dFq4=",
            "id": "projects/acoustic-alpha-308609/topics/whisper-tasks-fc941405/roles/pubsub.publisher",
            "members": [
              "serviceAccount:service-451777082109@gs-project-accounts.iam.gserviceaccount.com"
            ],
            "project": "acoustic-alpha-308609",
            "role": "roles/pubsub.publisher",
            "topic": "projects/acoustic-alpha-308609/topics/whisper-tasks-fc941405"
          },
          "sensitive_attributes": [],
          "identity_schema_version": 0,
          "private": "bnVsbA==",
          "dependencies": [
            "data.google_project.current",
            "google_pubsub_topic.whisper_tasks",
            "random_id.id"
          ]
        }
      ]
    },
    {
      "mode": "managed",
      "type": "google_service_account",
      "name": "gpu_worker_sa",
      "provider": "provider[\"registry.terraform.io/hashicorp/google\"]",
      "instances": [
        {
          "schema_version": 0,
          "attributes": {
            "account_id": "gpu-worker-sa",
            "create_ignore_already_exists": null,
            "description": "",
            "disabled": false,
            "display_name": "GPU Worker Service Account",
            "email": "gpu-worker-sa@acoustic-alpha-308609.iam.gserviceaccount.com",
            "id": "projects/acoustic-alpha-308609/serviceAccounts/gpu-worker-sa@acoustic-alpha-308609.iam.gserviceaccount.com",
            "member": "serviceAccount:gpu-worker-sa@acoustic-alpha-308609.iam.gserviceaccount.com",
            "name": "projects/acoustic-alpha-308609/serviceAccounts/gpu-worker-sa@acoustic-alpha-308609.iam.gserviceaccount.com",
            "project": "acoustic-alpha-308609",
            "timeouts": null,
            "unique_id": "100630897077851751972"
          },
          "sensitive_attributes": [],
          "identity_schema_version": 0,
          "private": "eyJlMmJmYjczMC1lY2FhLTExZTYtOGY4OC0zNDM2M2JjN2M0YzAiOnsiY3JlYXRlIjozMDAwMDAwMDAwMDB9LCJzY2hlbWFfdmVyc2lvbiI6IjAifQ=="
        }
      ]
    },
    {
      "mode": "managed",
      "type": "google_storage_bucket",
      "name": "media_bucket",
      "provider": "provider[\"registry.terraform.io/hashicorp/google\"]",
      "instances": [
        {
          "schema_version": 4,
          "attributes": {
            "autoclass": [],
            "cors": [],
            "custom_placement_config": [],
            "default_event_based_hold": false,
            "effective_labels": {
              "goog-terraform-provisioned": "true"
            },
            "enable_object_retention": false,
            "encryption": [],
            "force_destroy": true,
            "hierarchical_namespace": [
              {
                "enabled": false
              }
            ],
            "id": "whisper-media-pipeline-fc941405",
            "ip_filter": [],
            "labels": {},
            "lifecycle_rule": [],
            "location": "ASIA-SOUTHEAST1",
            "logging": [],
            "name": "whisper-media-pipeline-fc941405",
            "project": "acoustic-alpha-308609",
            "project_number": 451777082109,
            "public_access_prevention": "inherited",
            "requester_pays": false,
            "retention_policy": [],
            "rpo": null,
            "self_link": "https://www.googleapis.com/storage/v1/b/whisper-media-pipeline-fc941405",
            "soft_delete_policy": [
              {
                "effective_time": "2025-12-19T21:13:56.065Z",
                "retention_duration_seconds": 604800
              }
            ],
            "storage_class": "STANDARD",
            "terraform_labels": {
              "goog-terraform-provisioned": "true"
            },
            "time_created": "2025-12-19T21:13:56.065Z",
            "timeouts": null,
            "uniform_bucket_level_access": true,
            "updated": "2025-12-19T21:18:57.319Z",
            "url": "gs://whisper-media-pipeline-fc941405",
            "versioning": [],
            "website": []
          },
          "sensitive_attributes": [],
          "identity_schema_version": 0,
          "private": "eyJlMmJmYjczMC1lY2FhLTExZTYtOGY4OC0zNDM2M2JjN2M0YzAiOnsiY3JlYXRlIjo2MDAwMDAwMDAwMDAsInJlYWQiOjI0MDAwMDAwMDAwMCwidXBkYXRlIjoyNDAwMDAwMDAwMDB9LCJzY2hlbWFfdmVyc2lvbiI6IjQifQ==",
          "dependencies": [
            "random_id.id"
          ]
        }
      ]
    },
    {
      "mode": "managed",
      "type": "google_storage_notification",
      "name": "wav_notification",
      "provider": "provider[\"registry.terraform.io/hashicorp/google\"]",
      "instances": [
        {
          "schema_version": 1,
          "attributes": {
            "bucket": "whisper-media-pipeline-fc941405",
            "custom_attributes": {
              "suffix": ".wav"
            },
            "event_types": [
              "OBJECT_FINALIZE"
            ],
            "id": "whisper-media-pipeline-fc941405/notificationConfigs/1",
            "notification_id": "1",
            "object_name_prefix": null,
            "payload_format": "JSON_API_V1",
            "self_link": "https://www.googleapis.com/storage/v1/b/whisper-media-pipeline-fc941405/notificationConfigs/1",
            "topic": "projects/acoustic-alpha-308609/topics/whisper-tasks-fc941405"
          },
          "sensitive_attributes": [],
          "identity_schema_version": 0,
          "dependencies": [
            "data.google_project.current",
            "google_pubsub_topic.whisper_tasks",
            "google_pubsub_topic_iam_binding.gcs_publisher",
            "google_storage_bucket.media_bucket",
            "random_id.id"
          ]
        }
      ]
    },
    {
      "mode": "managed",
      "type": "random_id",
      "name": "id",
      "provider": "provider[\"registry.terraform.io/hashicorp/random\"]",
      "instances": [
        {
          "schema_version": 0,
          "attributes": {
            "b64_std": "/JQUBQ==",
            "b64_url": "_JQUBQ",
            "byte_length": 4,
            "dec": "4237562885",
            "hex": "fc941405",
            "id": "_JQUBQ",
            "keepers": null,
            "prefix": null
          },
          "sensitive_attributes": [],
          "identity_schema_version": 0
        }
      ]
    }
  ],
  "check_results": null
}
