{
  "version": 4,
  "terraform_version": "1.14.0",
  "serial": 48,
  "lineage": "f5c26082-e784-09e3-ceeb-5599210d6e46",
  "outputs": {
    "gpu_instance": {
      "value": "whisper-l4-worker",
      "type": "string"
    }
  },
  "resources": [
    {
      "mode": "managed",
      "type": "google_compute_firewall",
      "name": "allow_http",
      "provider": "provider[\"registry.terraform.io/hashicorp/google\"]",
      "instances": [
        {
          "schema_version": 1,
          "attributes": {
            "allow": [
              {
                "ports": [
                  "80"
                ],
                "protocol": "tcp"
              }
            ],
            "creation_timestamp": "2026-03-11T06:06:26.029-07:00",
            "deny": [],
            "description": "",
            "destination_ranges": [],
            "direction": "INGRESS",
            "disabled": false,
            "enable_logging": null,
            "id": "projects/jku-practical-project/global/firewalls/allow-http",
            "log_config": [],
            "name": "allow-http",
            "network": "https://www.googleapis.com/compute/v1/projects/jku-practical-project/global/networks/default",
            "params": [],
            "priority": 1000,
            "project": "jku-practical-project",
            "self_link": "https://www.googleapis.com/compute/v1/projects/jku-practical-project/global/firewalls/allow-http",
            "source_ranges": [
              "0.0.0.0/0"
            ],
            "source_service_accounts": null,
            "source_tags": null,
            "target_service_accounts": null,
            "target_tags": [
              "http-server"
            ],
            "timeouts": null
          },
          "sensitive_attributes": [],
          "identity_schema_version": 0,
          "private": "eyJlMmJmYjczMC1lY2FhLTExZTYtOGY4OC0zNDM2M2JjN2M0YzAiOnsiY3JlYXRlIjoxMjAwMDAwMDAwMDAwLCJkZWxldGUiOjEyMDAwMDAwMDAwMDAsInVwZGF0ZSI6MTIwMDAwMDAwMDAwMH0sInNjaGVtYV92ZXJzaW9uIjoiMSJ9"
        }
      ]
    },
    {
      "mode": "managed",
      "type": "google_compute_instance",
      "name": "gpu_worker",
      "provider": "provider[\"registry.terraform.io/hashicorp/google\"]",
      "instances": [
        {
          "schema_version": 6,
          "attributes": {
            "advanced_machine_features": [],
            "allow_stopping_for_update": null,
            "attached_disk": [],
            "boot_disk": [
              {
                "auto_delete": true,
                "device_name": "persistent-disk-0",
                "disk_encryption_key_raw": "",
                "disk_encryption_key_rsa": "",
                "disk_encryption_key_sha256": "",
                "disk_encryption_service_account": "",
                "force_attach": false,
                "guest_os_features": [
                  "VIRTIO_SCSI_MULTIQUEUE",
                  "UEFI_COMPATIBLE",
                  "GVNIC"
                ],
                "initialize_params": [
                  {
                    "architecture": "",
                    "enable_confidential_compute": false,
                    "image": "https://www.googleapis.com/compute/v1/projects/deeplearning-platform-release/global/images/common-cu128-ubuntu-2204-nvidia-570-v20251216",
                    "labels": {},
                    "provisioned_iops": 0,
                    "provisioned_throughput": 0,
                    "resource_manager_tags": null,
                    "resource_policies": [],
                    "size": 100,
                    "snapshot": "",
                    "source_image_encryption_key": [],
                    "source_snapshot_encryption_key": [],
                    "storage_pool": "",
                    "type": "pd-ssd"
                  }
                ],
                "interface": "",
                "kms_key_self_link": "",
                "mode": "READ_WRITE",
                "source": "https://www.googleapis.com/compute/v1/projects/jku-practical-project/zones/asia-southeast1-a/disks/whisper-l4-worker"
              }
            ],
            "can_ip_forward": false,
            "confidential_instance_config": [],
            "cpu_platform": "Intel Cascade Lake",
            "creation_timestamp": "2026-03-11T06:06:43.701-07:00",
            "current_status": "RUNNING",
            "deletion_protection": false,
            "description": "",
            "desired_status": null,
            "effective_labels": {
              "goog-terraform-provisioned": "true"
            },
            "enable_display": false,
            "guest_accelerator": [
              {
                "count": 1,
                "type": "https://www.googleapis.com/compute/v1/projects/jku-practical-project/zones/asia-southeast1-a/acceleratorTypes/nvidia-l4"
              }
            ],
            "hostname": "",
            "id": "projects/jku-practical-project/zones/asia-southeast1-a/instances/whisper-l4-worker",
            "instance_encryption_key": [],
            "instance_id": "5835510809028777484",
            "key_revocation_action_type": "",
            "label_fingerprint": "vezUS-42LLM=",
            "labels": null,
            "machine_type": "g2-standard-4",
            "metadata": {
              "install-nvidia-driver": "True"
            },
            "metadata_fingerprint": "pJAhEqyX7MI=",
            "metadata_startup_script": "#!/bin/bash\nsudo apt install -y telnet\nsudo apt install -y nginx\nsudo systemctl enable nginx\nsudo chmod -R 755 /var/www/html\nHOSTNAME=$(hostname)\nsudo echo \"\u003c!DOCTYPE html\u003e \u003chtml\u003e \u003cbody style='background-color:rgb(250, 210, 210);'\u003e \u003ch1\u003eWelcome to StackSimplify - WebVM App1 \u003c/h1\u003e \u003cp\u003e\u003cstrong\u003eVM Hostname:\u003c/strong\u003e $HOSTNAME\u003c/p\u003e \u003cp\u003e\u003cstrong\u003eVM IP Address:\u003c/strong\u003e $(hostname -I)\u003c/p\u003e \u003cp\u003e\u003cstrong\u003eApplication Version:\u003c/strong\u003e V1\u003c/p\u003e \u003cp\u003eGoogle Cloud Platform - Demos\u003c/p\u003e \u003c/body\u003e\u003c/html\u003e\" | sudo tee /var/www/html/index.html",
            "min_cpu_platform": "",
            "name": "whisper-l4-worker",
            "network_interface": [
              {
                "access_config": [
                  {
                    "nat_ip": "35.240.254.123",
                    "network_tier": "PREMIUM",
                    "public_ptr_domain_name": ""
                  }
                ],
                "alias_ip_range": [],
                "igmp_query": "",
                "internal_ipv6_prefix_length": 0,
                "ipv6_access_config": [],
                "ipv6_access_type": "",
                "ipv6_address": "",
                "name": "nic0",
                "network": "https://www.googleapis.com/compute/v1/projects/jku-practical-project/global/networks/default",
                "network_attachment": "",
                "network_ip": "10.148.0.3",
                "nic_type": "",
                "queue_count": 0,
                "stack_type": "IPV4_ONLY",
                "subnetwork": "https://www.googleapis.com/compute/v1/projects/jku-practical-project/regions/asia-southeast1/subnetworks/default",
                "subnetwork_project": "jku-practical-project"
              }
            ],
            "network_performance_config": [],
            "params": [],
            "project": "jku-practical-project",
            "reservation_affinity": [],
            "resource_policies": null,
            "scheduling": [
              {
                "automatic_restart": true,
                "availability_domain": 0,
                "instance_termination_action": "",
                "local_ssd_recovery_timeout": [],
                "max_run_duration": [],
                "min_node_cpus": 0,
                "node_affinities": [],
                "on_host_maintenance": "TERMINATE",
                "on_instance_stop_action": [],
                "preemptible": false,
                "provisioning_model": "STANDARD",
                "termination_time": ""
              }
            ],
            "scratch_disk": [],
            "self_link": "https://www.googleapis.com/compute/v1/projects/jku-practical-project/zones/asia-southeast1-a/instances/whisper-l4-worker",
            "service_account": [
              {
                "email": "gpu-worker-sa2@jku-practical-project.iam.gserviceaccount.com",
                "scopes": [
                  "https://www.googleapis.com/auth/cloud-platform"
                ]
              }
            ],
            "shielded_instance_config": [
              {
                "enable_integrity_monitoring": true,
                "enable_secure_boot": false,
                "enable_vtpm": true
              }
            ],
            "tags": [
              "http-server"
            ],
            "tags_fingerprint": "FYLDgkTKlA4=",
            "terraform_labels": {
              "goog-terraform-provisioned": "true"
            },
            "timeouts": null,
            "zone": "asia-southeast1-a"
          },
          "sensitive_attributes": [
            [
              {
                "type": "get_attr",
                "value": "boot_disk"
              },
              {
                "type": "index",
                "value": {
                  "value": 0,
                  "type": "number"
                }
              },
              {
                "type": "get_attr",
                "value": "disk_encryption_key_raw"
              }
            ],
            [
              {
                "type": "get_attr",
                "value": "boot_disk"
              },
              {
                "type": "index",
                "value": {
                  "value": 0,
                  "type": "number"
                }
              },
              {
                "type": "get_attr",
                "value": "disk_encryption_key_rsa"
              }
            ]
          ],
          "identity_schema_version": 0,
          "private": "eyJlMmJmYjczMC1lY2FhLTExZTYtOGY4OC0zNDM2M2JjN2M0YzAiOnsiY3JlYXRlIjoxMjAwMDAwMDAwMDAwLCJkZWxldGUiOjEyMDAwMDAwMDAwMDAsInVwZGF0ZSI6MTIwMDAwMDAwMDAwMH0sInNjaGVtYV92ZXJzaW9uIjoiNiJ9",
          "dependencies": [
            "google_service_account.sa"
          ]
        }
      ]
    },
    {
      "mode": "managed",
      "type": "google_project_iam_member",
      "name": "storage_admin_binding",
      "provider": "provider[\"registry.terraform.io/hashicorp/google\"]",
      "instances": [
        {
          "schema_version": 0,
          "attributes": {
            "condition": [],
            "etag": "BwZMv069sLw=",
            "id": "jku-practical-project/roles/storage.admin/serviceAccount:gpu-worker-sa2@jku-practical-project.iam.gserviceaccount.com",
            "member": "serviceAccount:gpu-worker-sa2@jku-practical-project.iam.gserviceaccount.com",
            "project": "jku-practical-project",
            "role": "roles/storage.admin"
          },
          "sensitive_attributes": [],
          "identity_schema_version": 0,
          "private": "bnVsbA==",
          "dependencies": [
            "google_service_account.sa"
          ]
        }
      ]
    },
    {
      "mode": "managed",
      "type": "google_service_account",
      "name": "sa",
      "provider": "provider[\"registry.terraform.io/hashicorp/google\"]",
      "instances": [
        {
          "schema_version": 0,
          "attributes": {
            "account_id": "gpu-worker-sa2",
            "create_ignore_already_exists": null,
            "description": "",
            "disabled": false,
            "display_name": "GPU Worker SA",
            "email": "gpu-worker-sa2@jku-practical-project.iam.gserviceaccount.com",
            "id": "projects/jku-practical-project/serviceAccounts/gpu-worker-sa2@jku-practical-project.iam.gserviceaccount.com",
            "member": "serviceAccount:gpu-worker-sa2@jku-practical-project.iam.gserviceaccount.com",
            "name": "projects/jku-practical-project/serviceAccounts/gpu-worker-sa2@jku-practical-project.iam.gserviceaccount.com",
            "project": "jku-practical-project",
            "timeouts": null,
            "unique_id": "105196062871552829037"
          },
          "sensitive_attributes": [],
          "identity_schema_version": 0,
          "private": "eyJlMmJmYjczMC1lY2FhLTExZTYtOGY4OC0zNDM2M2JjN2M0YzAiOnsiY3JlYXRlIjozMDAwMDAwMDAwMDB9fQ=="
        }
      ]
    }
  ],
  "check_results": null
}
